
Microsoft Visual Studio Solution File, Format Version 12.00
# Visual Studio 2012
Project("{FAE04EC0-301F-11D3-BF4B-00C04F79EFBC}") = "Sample", "Sample\Sample.csproj", "{08341BAB-8B6D-41A3-AA28-CAA86A0522CC}"
EndProject
Global
	GlobalSection(SolutionConfigurationPlatforms) = preSolution
		Debug|Any CPU = Debug|Any CPU
		Release|Any CPU = Release|Any CPU
	EndGlobalSection
	GlobalSection(ProjectConfigurationPlatforms) = postSolution
		{08341BAB-8B6D-41A3-AA28-CAA86A0522CC}.Debug|Any CPU.ActiveCfg = Debug|Any CPU
		{08341BAB-8B6D-41A3-AA28-CAA86A0522CC}.Debug|Any CPU.Build.0 = Debug|Any CPU
		{08341BAB-8B6D-41A3-AA28-CAA86A0522CC}.Release|Any CPU.ActiveCfg = Release|Any CPU
		{08341BAB-8B6D-41A3-AA28-CAA86A0522CC}.Release|Any CPU.Build.0 = Release|Any CPU
	EndGlobalSection
	GlobalSection(SolutionProperties) = preSolution
		HideSolutionNode = FALSE
	EndGlobalSection
EndGlobal
